
Microsoft Visual Studio Solution File, Format Version 12.00
# Visual Studio Version 17
VisualStudioVersion = 17.11.35431.28
MinimumVisualStudioVersion = 10.0.40219.1
Project("{9A19103F-16F7-4668-BE54-9A1E7A4F7556}") = "SDK.Payments.BancoInter", "banco-inter-sdk\SDK.Payments.BancoInter.csproj", "{00A7D347-1355-43A4-9433-81A1E5A0F1FD}"
EndProject
Project("{2150E333-8FDC-42A3-9474-1A3956D46DE8}") = "Itens de Solução", "Itens de Solução", "{0B267581-7DCF-41D3-ACA9-3E966CCC979A}"
	ProjectSection(SolutionItems) = preProject
		LICENSE = LICENSE
		README.md = README.md
	EndProjectSection
EndProject
Global
	GlobalSection(SolutionConfigurationPlatforms) = preSolution
		Debug|Any CPU = Debug|Any CPU
		Release|Any CPU = Release|Any CPU
	EndGlobalSection
	GlobalSection(ProjectConfigurationPlatforms) = postSolution
		{00A7D347-1355-43A4-9433-81A1E5A0F1FD}.Debug|Any CPU.ActiveCfg = Debug|Any CPU
		{00A7D347-1355-43A4-9433-81A1E5A0F1FD}.Debug|Any CPU.Build.0 = Debug|Any CPU
		{00A7D347-1355-43A4-9433-81A1E5A0F1FD}.Release|Any CPU.ActiveCfg = Release|Any CPU
		{00A7D347-1355-43A4-9433-81A1E5A0F1FD}.Release|Any CPU.Build.0 = Release|Any CPU
	EndGlobalSection
	GlobalSection(SolutionProperties) = preSolution
		HideSolutionNode = FALSE
	EndGlobalSection
	GlobalSection(ExtensibilityGlobals) = postSolution
		SolutionGuid = {CB345A79-436F-406E-9FAB-69BE44ECCB18}
	EndGlobalSection
EndGlobal
